
Microsoft Visual Studio Solution File, Format Version 12.00
# Visual Studio Version 17
VisualStudioVersion = 17.14.37111.16 d17.14
MinimumVisualStudioVersion = 10.0.40219.1
Project("{FAE04EC0-301F-11D3-BF4B-00C04F79EFBC}") = "PRG261 Project Milestone 2", "PRG261 Project Milestone 2.csproj", "{0A4CB1D0-E395-415C-A6DA-CDDD120C1CEC}"
EndProject
Global
	GlobalSection(SolutionConfigurationPlatforms) = preSolution
		Debug|Any CPU = Debug|Any CPU
		Release|Any CPU = Release|Any CPU
	EndGlobalSection
	GlobalSection(ProjectConfigurationPlatforms) = postSolution
		{0A4CB1D0-E395-415C-A6DA-CDDD120C1CEC}.Debug|Any CPU.ActiveCfg = Debug|Any CPU
		{0A4CB1D0-E395-415C-A6DA-CDDD120C1CEC}.Debug|Any CPU.Build.0 = Debug|Any CPU
		{0A4CB1D0-E395-415C-A6DA-CDDD120C1CEC}.Release|Any CPU.ActiveCfg = Release|Any CPU
		{0A4CB1D0-E395-415C-A6DA-CDDD120C1CEC}.Release|Any CPU.Build.0 = Release|Any CPU
	EndGlobalSection
	GlobalSection(SolutionProperties) = preSolution
		HideSolutionNode = FALSE
	EndGlobalSection
	GlobalSection(ExtensibilityGlobals) = postSolution
		SolutionGuid = {3D454B07-8481-4067-9934-27ED520E4C50}
	EndGlobalSection
EndGlobal
